
Microsoft Visual Studio Solution File, Format Version 12.00
# Visual Studio 2013
VisualStudioVersion = 12.0.30723.0
MinimumVisualStudioVersion = 10.0.40219.1
Project("{FAE04EC0-301F-11D3-BF4B-00C04F79EFBC}") = "nizar_gharsallah", "nizar_gharsallah\nizar_gharsallah.csproj", "{745EEAA9-74EF-430F-941C-EB7A39B7ABEE}"
EndProject
Global
	GlobalSection(SolutionConfigurationPlatforms) = preSolution
		Debug|Any CPU = Debug|Any CPU
		Release|Any CPU = Release|Any CPU
	EndGlobalSection
	GlobalSection(ProjectConfigurationPlatforms) = postSolution
		{745EEAA9-74EF-430F-941C-EB7A39B7ABEE}.Debug|Any CPU.ActiveCfg = Debug|Any CPU
		{745EEAA9-74EF-430F-941C-EB7A39B7ABEE}.Debug|Any CPU.Build.0 = Debug|Any CPU
		{745EEAA9-74EF-430F-941C-EB7A39B7ABEE}.Release|Any CPU.ActiveCfg = Release|Any CPU
		{745EEAA9-74EF-430F-941C-EB7A39B7ABEE}.Release|Any CPU.Build.0 = Release|Any CPU
	EndGlobalSection
	GlobalSection(SolutionProperties) = preSolution
		HideSolutionNode = FALSE
	EndGlobalSection
EndGlobal
